{
  "requires": true,
  "lockfileVersion": 1,
  "dependencies": {
    "@nlisgo/gcjam": {
      "version": "1.0.5",
      "resolved": "https://registry.npmjs.org/@nlisgo/gcjam/-/gcjam-1.0.5.tgz",
      "integrity": "sha512-y3l6ya4PxiDtWoHGlMOvqWNc9uJk/AAhtgWrnMGJ97OJOH3bmr9mBDCxGMXkOtMuMu5/JX8uwvhNnXmeRAyiSw=="
    }
  }
}
